
Microsoft Visual Studio Solution File, Format Version 12.00
# Visual Studio 2013
VisualStudioVersion = 12.0.31101.0
MinimumVisualStudioVersion = 10.0.40219.1
Project("{E24C65DC-7377-472B-9ABA-BC803B73C61A}") = "WSCategoria(1)", "http://localhost:52386", "{EA4B71C1-7574-48AC-B9BC-06634FCE8D34}"
	ProjectSection(WebsiteProperties) = preProject
		UseIISExpress = "true"
		TargetFrameworkMoniker = ".NETFramework,Version%3Dv3.5"
		Debug.AspNetCompiler.VirtualPath = "/localhost_52386"
		Debug.AspNetCompiler.PhysicalPath = "..\WSCategoria\"
		Debug.AspNetCompiler.TargetPath = "PrecompiledWeb\localhost_52386\"
		Debug.AspNetCompiler.Updateable = "true"
		Debug.AspNetCompiler.ForceOverwrite = "true"
		Debug.AspNetCompiler.FixedNames = "false"
		Debug.AspNetCompiler.Debug = "True"
		Release.AspNetCompiler.VirtualPath = "/localhost_52386"
		Release.AspNetCompiler.PhysicalPath = "..\WSCategoria\"
		Release.AspNetCompiler.TargetPath = "PrecompiledWeb\localhost_52386\"
		Release.AspNetCompiler.Updateable = "true"
		Release.AspNetCompiler.ForceOverwrite = "true"
		Release.AspNetCompiler.FixedNames = "false"
		Release.AspNetCompiler.Debug = "False"
		SlnRelativePath = "..\WSCategoria\"
	EndProjectSection
EndProject
Project("{FAE04EC0-301F-11D3-BF4B-00C04F79EFBC}") = "WindowsFormsApplication2", "..\..\Documents\Visual Studio 2013\Projects\WindowsFormsApplication2\WindowsFormsApplication2.csproj", "{0294E82E-4494-4C03-BBBF-7AB7571E33DA}"
	ProjectSection(ProjectDependencies) = postProject
		{EA4B71C1-7574-48AC-B9BC-06634FCE8D34} = {EA4B71C1-7574-48AC-B9BC-06634FCE8D34}
	EndProjectSection
EndProject
Global
	GlobalSection(SolutionConfigurationPlatforms) = preSolution
		Debug|Any CPU = Debug|Any CPU
		Release|Any CPU = Release|Any CPU
	EndGlobalSection
	GlobalSection(ProjectConfigurationPlatforms) = postSolution
		{EA4B71C1-7574-48AC-B9BC-06634FCE8D34}.Debug|Any CPU.ActiveCfg = Debug|Any CPU
		{EA4B71C1-7574-48AC-B9BC-06634FCE8D34}.Debug|Any CPU.Build.0 = Debug|Any CPU
		{EA4B71C1-7574-48AC-B9BC-06634FCE8D34}.Release|Any CPU.ActiveCfg = Debug|Any CPU
		{EA4B71C1-7574-48AC-B9BC-06634FCE8D34}.Release|Any CPU.Build.0 = Debug|Any CPU
		{0294E82E-4494-4C03-BBBF-7AB7571E33DA}.Debug|Any CPU.ActiveCfg = Debug|Any CPU
		{0294E82E-4494-4C03-BBBF-7AB7571E33DA}.Debug|Any CPU.Build.0 = Debug|Any CPU
		{0294E82E-4494-4C03-BBBF-7AB7571E33DA}.Release|Any CPU.ActiveCfg = Release|Any CPU
		{0294E82E-4494-4C03-BBBF-7AB7571E33DA}.Release|Any CPU.Build.0 = Release|Any CPU
	EndGlobalSection
	GlobalSection(SolutionProperties) = preSolution
		HideSolutionNode = FALSE
	EndGlobalSection
EndGlobal
